
Microsoft Visual Studio Solution File, Format Version 12.00
# Visual Studio Version 17
VisualStudioVersion = 17.0.31903.59
MinimumVisualStudioVersion = 10.0.40219.1
Project("{2150E333-8FDC-42A3-9474-1A3956D46DE8}") = "src", "src", "{827E0CD3-B72D-47B6-A68D-7590B98EB39B}"
EndProject
Project("{2150E333-8FDC-42A3-9474-1A3956D46DE8}") = "BuildingBlocks", "BuildingBlocks", "{90298CBA-BD6F-3A0A-69D5-97CAD7B05E7E}"
EndProject
Project("{FAE04EC0-301F-11D3-BF4B-00C04F79EFBC}") = "MTArt.Contracts", "src\BuildingBlocks\MTArt.Contracts\MTArt.Contracts.csproj", "{6F703214-12D3-491C-A2AE-AFAFF6D7EFC1}"
EndProject
Project("{FAE04EC0-301F-11D3-BF4B-00C04F79EFBC}") = "MTArt.EventBus", "src\BuildingBlocks\MTArt.EventBus\MTArt.EventBus.csproj", "{F31C93F9-EC41-4E33-93BD-278C1E83C69D}"
EndProject
Project("{FAE04EC0-301F-11D3-BF4B-00C04F79EFBC}") = "MTArt.Observability", "src\BuildingBlocks\MTArt.Observability\MTArt.Observability.csproj", "{CD8C5B5A-C316-4287-90B8-409070509516}"
EndProject
Project("{FAE04EC0-301F-11D3-BF4B-00C04F79EFBC}") = "MTArt.SharedKernel", "src\BuildingBlocks\MTArt.SharedKernel\MTArt.SharedKernel.csproj", "{06D441D8-4671-42CE-833C-64223230CA36}"
EndProject
Project("{2150E333-8FDC-42A3-9474-1A3956D46DE8}") = "Gateway", "Gateway", "{6306A8FB-679E-111F-6585-8F70E0EE6013}"
EndProject
Project("{FAE04EC0-301F-11D3-BF4B-00C04F79EFBC}") = "MTArt.ApiGateway", "src\Gateway\MTArt.ApiGateway\MTArt.ApiGateway.csproj", "{B09909A9-3588-47AD-8536-C1316C558DC9}"
EndProject
Project("{2150E333-8FDC-42A3-9474-1A3956D46DE8}") = "Services", "Services", "{984BB9B3-3FA3-BE33-9484-CAC21695A33C}"
EndProject
Project("{2150E333-8FDC-42A3-9474-1A3956D46DE8}") = "Catalog", "Catalog", "{C91C1CF1-1625-0789-F869-53D87D6277BA}"
EndProject
Project("{FAE04EC0-301F-11D3-BF4B-00C04F79EFBC}") = "MTArt.Catalog.Api", "src\Services\Catalog\MTArt.Catalog.Api\MTArt.Catalog.Api.csproj", "{8B333A58-F8A9-4346-98F0-7D69B329351F}"
EndProject
Project("{FAE04EC0-301F-11D3-BF4B-00C04F79EFBC}") = "MTArt.Catalog.Application", "src\Services\Catalog\MTArt.Catalog.Application\MTArt.Catalog.Application.csproj", "{EFFF7728-0F96-4331-9A33-32702322EC22}"
EndProject
Project("{FAE04EC0-301F-11D3-BF4B-00C04F79EFBC}") = "MTArt.Catalog.Domain", "src\Services\Catalog\MTArt.Catalog.Domain\MTArt.Catalog.Domain.csproj", "{42EEA3E8-30E7-4F5D-AB49-8E4B93F41952}"
EndProject
Project("{FAE04EC0-301F-11D3-BF4B-00C04F79EFBC}") = "MTArt.Catalog.Infrastructure", "src\Services\Catalog\MTArt.Catalog.Infrastructure\MTArt.Catalog.Infrastructure.csproj", "{976AA523-5ED4-44A5-A92D-F56831A3122E}"
EndProject
Project("{2150E333-8FDC-42A3-9474-1A3956D46DE8}") = "Content", "Content", "{5DFC7B05-39EA-FFDB-19EB-B675C4700EC4}"
EndProject
Project("{FAE04EC0-301F-11D3-BF4B-00C04F79EFBC}") = "MTArt.Content.Api", "src\Services\Content\MTArt.Content.Api\MTArt.Content.Api.csproj", "{DE1389D9-9331-4900-9C0A-3D0682012EF1}"
EndProject
Project("{FAE04EC0-301F-11D3-BF4B-00C04F79EFBC}") = "MTArt.Content.Application", "src\Services\Content\MTArt.Content.Application\MTArt.Content.Application.csproj", "{23517B1D-2FD6-41E3-8E1A-D57E9D1EC82F}"
EndProject
Project("{FAE04EC0-301F-11D3-BF4B-00C04F79EFBC}") = "MTArt.Content.Domain", "src\Services\Content\MTArt.Content.Domain\MTArt.Content.Domain.csproj", "{7267EE2D-3BEF-4F1F-BAE2-A3A80AD2FFC7}"
EndProject
Project("{FAE04EC0-301F-11D3-BF4B-00C04F79EFBC}") = "MTArt.Content.Infrastructure", "src\Services\Content\MTArt.Content.Infrastructure\MTArt.Content.Infrastructure.csproj", "{522A2080-DC51-4809-A5CC-F04E5A72C9BD}"
EndProject
Project("{2150E333-8FDC-42A3-9474-1A3956D46DE8}") = "Identity", "Identity", "{1BFC9479-12BF-35C3-06B8-42D89D95092B}"
EndProject
Project("{FAE04EC0-301F-11D3-BF4B-00C04F79EFBC}") = "MTArt.Identity.Api", "src\Services\Identity\MTArt.Identity.Api\MTArt.Identity.Api.csproj", "{1B4FE672-BAB6-49B2-8108-4B53D6D7D189}"
EndProject
Project("{FAE04EC0-301F-11D3-BF4B-00C04F79EFBC}") = "MTArt.Identity.Application", "src\Services\Identity\MTArt.Identity.Application\MTArt.Identity.Application.csproj", "{FE6F7E01-2180-474C-8E5B-5D73B7D32E17}"
EndProject
Project("{FAE04EC0-301F-11D3-BF4B-00C04F79EFBC}") = "MTArt.Identity.Domain", "src\Services\Identity\MTArt.Identity.Domain\MTArt.Identity.Domain.csproj", "{02CDDDA5-C349-4C87-AC01-68BB3B7422D5}"
EndProject
Project("{FAE04EC0-301F-11D3-BF4B-00C04F79EFBC}") = "MTArt.Identity.Infrastructure", "src\Services\Identity\MTArt.Identity.Infrastructure\MTArt.Identity.Infrastructure.csproj", "{65A80B8B-0247-44AC-8ECA-4214E6A53487}"
EndProject
Project("{2150E333-8FDC-42A3-9474-1A3956D46DE8}") = "Inquiry", "Inquiry", "{40431FFE-093F-1096-CE99-020C5FCBF96B}"
EndProject
Project("{FAE04EC0-301F-11D3-BF4B-00C04F79EFBC}") = "MTArt.Inquiry.Api", "src\Services\Inquiry\MTArt.Inquiry.Api\MTArt.Inquiry.Api.csproj", "{1E146D5E-DADF-48F9-8AC6-EADE4AB29725}"
EndProject
Project("{FAE04EC0-301F-11D3-BF4B-00C04F79EFBC}") = "MTArt.Inquiry.Application", "src\Services\Inquiry\MTArt.Inquiry.Application\MTArt.Inquiry.Application.csproj", "{BADCBB08-F4ED-4D9D-8379-C6A3C1CE444D}"
EndProject
Project("{FAE04EC0-301F-11D3-BF4B-00C04F79EFBC}") = "MTArt.Inquiry.Domain", "src\Services\Inquiry\MTArt.Inquiry.Domain\MTArt.Inquiry.Domain.csproj", "{485595F3-B011-438A-850B-B11ABC58C4AC}"
EndProject
Project("{FAE04EC0-301F-11D3-BF4B-00C04F79EFBC}") = "MTArt.Inquiry.Infrastructure", "src\Services\Inquiry\MTArt.Inquiry.Infrastructure\MTArt.Inquiry.Infrastructure.csproj", "{5AF4A511-4309-415B-A18C-BF9CDFF607E7}"
EndProject
Project("{2150E333-8FDC-42A3-9474-1A3956D46DE8}") = "Media", "Media", "{971CEA43-920F-36DD-A00E-2E303C06D992}"
EndProject
Project("{FAE04EC0-301F-11D3-BF4B-00C04F79EFBC}") = "MTArt.Media.Api", "src\Services\Media\MTArt.Media.Api\MTArt.Media.Api.csproj", "{4E20089B-48AE-4DF8-B799-5C62C2107A65}"
EndProject
Project("{FAE04EC0-301F-11D3-BF4B-00C04F79EFBC}") = "MTArt.Media.Application", "src\Services\Media\MTArt.Media.Application\MTArt.Media.Application.csproj", "{059B51D1-1023-412E-AD3F-557D496C2C26}"
EndProject
Project("{FAE04EC0-301F-11D3-BF4B-00C04F79EFBC}") = "MTArt.Media.Domain", "src\Services\Media\MTArt.Media.Domain\MTArt.Media.Domain.csproj", "{D245FF39-B691-4E18-BB68-D0990FCAA7EF}"
EndProject
Project("{FAE04EC0-301F-11D3-BF4B-00C04F79EFBC}") = "MTArt.Media.Infrastructure", "src\Services\Media\MTArt.Media.Infrastructure\MTArt.Media.Infrastructure.csproj", "{75F22772-C21B-4BDA-A4EC-64C063CEF82C}"
EndProject
Project("{2150E333-8FDC-42A3-9474-1A3956D46DE8}") = "Notification", "Notification", "{C5FBE174-8E0F-F5A3-B929-8BD0C55C0A32}"
EndProject
Project("{FAE04EC0-301F-11D3-BF4B-00C04F79EFBC}") = "MTArt.Notification.Application", "src\Services\Notification\MTArt.Notification.Application\MTArt.Notification.Application.csproj", "{5BCB035A-79B3-419F-BBFF-095DCA21BB49}"
EndProject
Project("{FAE04EC0-301F-11D3-BF4B-00C04F79EFBC}") = "MTArt.Notification.Domain", "src\Services\Notification\MTArt.Notification.Domain\MTArt.Notification.Domain.csproj", "{24323059-901B-4AC5-A3A0-51D2B92E977A}"
EndProject
Project("{FAE04EC0-301F-11D3-BF4B-00C04F79EFBC}") = "MTArt.Notification.Infrastructure", "src\Services\Notification\MTArt.Notification.Infrastructure\MTArt.Notification.Infrastructure.csproj", "{9FE2199D-84E3-4822-AB60-03248D7C8DBE}"
EndProject
Project("{FAE04EC0-301F-11D3-BF4B-00C04F79EFBC}") = "MTArt.Notification.Worker", "src\Services\Notification\MTArt.Notification.Worker\MTArt.Notification.Worker.csproj", "{12A09A88-FEED-4B46-91E8-9A839D2B9388}"
EndProject
Project("{2150E333-8FDC-42A3-9474-1A3956D46DE8}") = "tests", "tests", "{0AB3BF05-4346-4AA6-1389-037BE0695223}"
EndProject
Project("{2150E333-8FDC-42A3-9474-1A3956D46DE8}") = "ArchitectureTests", "ArchitectureTests", "{8AD23086-AE11-148E-B2B6-9F0F94287E0D}"
EndProject
Project("{FAE04EC0-301F-11D3-BF4B-00C04F79EFBC}") = "MTArt.ArchitectureTests", "tests\ArchitectureTests\MTArt.ArchitectureTests\MTArt.ArchitectureTests.csproj", "{83490366-5E6D-470A-8884-4572C72E4373}"
EndProject
Project("{2150E333-8FDC-42A3-9474-1A3956D46DE8}") = "IntegrationTests", "IntegrationTests", "{30785934-E017-5D9F-2777-3D61460A5281}"
EndProject
Project("{FAE04EC0-301F-11D3-BF4B-00C04F79EFBC}") = "MTArt.Catalog.IntegrationTests", "tests\IntegrationTests\MTArt.Catalog.IntegrationTests\MTArt.Catalog.IntegrationTests.csproj", "{875849FE-1130-4814-99D4-608F86D8FFAC}"
EndProject
Project("{2150E333-8FDC-42A3-9474-1A3956D46DE8}") = "UnitTests", "UnitTests", "{394A81D9-3C45-9818-BB26-23F2B85056FF}"
EndProject
Project("{FAE04EC0-301F-11D3-BF4B-00C04F79EFBC}") = "MTArt.Catalog.UnitTests", "tests\UnitTests\MTArt.Catalog.UnitTests\MTArt.Catalog.UnitTests.csproj", "{B7555CE9-A8C0-4E0B-8548-3038EB1989D8}"
EndProject
Project("{FAE04EC0-301F-11D3-BF4B-00C04F79EFBC}") = "MTArt.Inquiry.UnitTests", "tests\UnitTests\MTArt.Inquiry.UnitTests\MTArt.Inquiry.UnitTests.csproj", "{8061A179-14FB-4547-AF80-4A4E0542E702}"
EndProject
Global
	GlobalSection(SolutionConfigurationPlatforms) = preSolution
		Debug|Any CPU = Debug|Any CPU
		Debug|x64 = Debug|x64
		Debug|x86 = Debug|x86
		Release|Any CPU = Release|Any CPU
		Release|x64 = Release|x64
		Release|x86 = Release|x86
	EndGlobalSection
	GlobalSection(ProjectConfigurationPlatforms) = postSolution
		{6F703214-12D3-491C-A2AE-AFAFF6D7EFC1}.Debug|Any CPU.ActiveCfg = Debug|Any CPU
		{6F703214-12D3-491C-A2AE-AFAFF6D7EFC1}.Debug|Any CPU.Build.0 = Debug|Any CPU
		{6F703214-12D3-491C-A2AE-AFAFF6D7EFC1}.Debug|x64.ActiveCfg = Debug|Any CPU
		{6F703214-12D3-491C-A2AE-AFAFF6D7EFC1}.Debug|x64.Build.0 = Debug|Any CPU
		{6F703214-12D3-491C-A2AE-AFAFF6D7EFC1}.Debug|x86.ActiveCfg = Debug|Any CPU
		{6F703214-12D3-491C-A2AE-AFAFF6D7EFC1}.Debug|x86.Build.0 = Debug|Any CPU
		{6F703214-12D3-491C-A2AE-AFAFF6D7EFC1}.Release|Any CPU.ActiveCfg = Release|Any CPU
		{6F703214-12D3-491C-A2AE-AFAFF6D7EFC1}.Release|Any CPU.Build.0 = Release|Any CPU
		{6F703214-12D3-491C-A2AE-AFAFF6D7EFC1}.Release|x64.ActiveCfg = Release|Any CPU
		{6F703214-12D3-491C-A2AE-AFAFF6D7EFC1}.Release|x64.Build.0 = Release|Any CPU
		{6F703214-12D3-491C-A2AE-AFAFF6D7EFC1}.Release|x86.ActiveCfg = Release|Any CPU
		{6F703214-12D3-491C-A2AE-AFAFF6D7EFC1}.Release|x86.Build.0 = Release|Any CPU
		{F31C93F9-EC41-4E33-93BD-278C1E83C69D}.Debug|Any CPU.ActiveCfg = Debug|Any CPU
		{F31C93F9-EC41-4E33-93BD-278C1E83C69D}.Debug|Any CPU.Build.0 = Debug|Any CPU
		{F31C93F9-EC41-4E33-93BD-278C1E83C69D}.Debug|x64.ActiveCfg = Debug|Any CPU
		{F31C93F9-EC41-4E33-93BD-278C1E83C69D}.Debug|x64.Build.0 = Debug|Any CPU
		{F31C93F9-EC41-4E33-93BD-278C1E83C69D}.Debug|x86.ActiveCfg = Debug|Any CPU
		{F31C93F9-EC41-4E33-93BD-278C1E83C69D}.Debug|x86.Build.0 = Debug|Any CPU
		{F31C93F9-EC41-4E33-93BD-278C1E83C69D}.Release|Any CPU.ActiveCfg = Release|Any CPU
		{F31C93F9-EC41-4E33-93BD-278C1E83C69D}.Release|Any CPU.Build.0 = Release|Any CPU
		{F31C93F9-EC41-4E33-93BD-278C1E83C69D}.Release|x64.ActiveCfg = Release|Any CPU
		{F31C93F9-EC41-4E33-93BD-278C1E83C69D}.Release|x64.Build.0 = Release|Any CPU
		{F31C93F9-EC41-4E33-93BD-278C1E83C69D}.Release|x86.ActiveCfg = Release|Any CPU
		{F31C93F9-EC41-4E33-93BD-278C1E83C69D}.Release|x86.Build.0 = Release|Any CPU
		{CD8C5B5A-C316-4287-90B8-409070509516}.Debug|Any CPU.ActiveCfg = Debug|Any CPU
		{CD8C5B5A-C316-4287-90B8-409070509516}.Debug|Any CPU.Build.0 = Debug|Any CPU
		{CD8C5B5A-C316-4287-90B8-409070509516}.Debug|x64.ActiveCfg = Debug|Any CPU
		{CD8C5B5A-C316-4287-90B8-409070509516}.Debug|x64.Build.0 = Debug|Any CPU
		{CD8C5B5A-C316-4287-90B8-409070509516}.Debug|x86.ActiveCfg = Debug|Any CPU
		{CD8C5B5A-C316-4287-90B8-409070509516}.Debug|x86.Build.0 = Debug|Any CPU
		{CD8C5B5A-C316-4287-90B8-409070509516}.Release|Any CPU.ActiveCfg = Release|Any CPU
		{CD8C5B5A-C316-4287-90B8-409070509516}.Release|Any CPU.Build.0 = Release|Any CPU
		{CD8C5B5A-C316-4287-90B8-409070509516}.Release|x64.ActiveCfg = Release|Any CPU
		{CD8C5B5A-C316-4287-90B8-409070509516}.Release|x64.Build.0 = Release|Any CPU
		{CD8C5B5A-C316-4287-90B8-409070509516}.Release|x86.ActiveCfg = Release|Any CPU
		{CD8C5B5A-C316-4287-90B8-409070509516}.Release|x86.Build.0 = Release|Any CPU
		{06D441D8-4671-42CE-833C-64223230CA36}.Debug|Any CPU.ActiveCfg = Debug|Any CPU
		{06D441D8-4671-42CE-833C-64223230CA36}.Debug|Any CPU.Build.0 = Debug|Any CPU
		{06D441D8-4671-42CE-833C-64223230CA36}.Debug|x64.ActiveCfg = Debug|Any CPU
		{06D441D8-4671-42CE-833C-64223230CA36}.Debug|x64.Build.0 = Debug|Any CPU
		{06D441D8-4671-42CE-833C-64223230CA36}.Debug|x86.ActiveCfg = Debug|Any CPU
		{06D441D8-4671-42CE-833C-64223230CA36}.Debug|x86.Build.0 = Debug|Any CPU
		{06D441D8-4671-42CE-833C-64223230CA36}.Release|Any CPU.ActiveCfg = Release|Any CPU
		{06D441D8-4671-42CE-833C-64223230CA36}.Release|Any CPU.Build.0 = Release|Any CPU
		{06D441D8-4671-42CE-833C-64223230CA36}.Release|x64.ActiveCfg = Release|Any CPU
		{06D441D8-4671-42CE-833C-64223230CA36}.Release|x64.Build.0 = Release|Any CPU
		{06D441D8-4671-42CE-833C-64223230CA36}.Release|x86.ActiveCfg = Release|Any CPU
		{06D441D8-4671-42CE-833C-64223230CA36}.Release|x86.Build.0 = Release|Any CPU
		{B09909A9-3588-47AD-8536-C1316C558DC9}.Debug|Any CPU.ActiveCfg = Debug|Any CPU
		{B09909A9-3588-47AD-8536-C1316C558DC9}.Debug|Any CPU.Build.0 = Debug|Any CPU
		{B09909A9-3588-47AD-8536-C1316C558DC9}.Debug|x64.ActiveCfg = Debug|Any CPU
		{B09909A9-3588-47AD-8536-C1316C558DC9}.Debug|x64.Build.0 = Debug|Any CPU
		{B09909A9-3588-47AD-8536-C1316C558DC9}.Debug|x86.ActiveCfg = Debug|Any CPU
		{B09909A9-3588-47AD-8536-C1316C558DC9}.Debug|x86.Build.0 = Debug|Any CPU
		{B09909A9-3588-47AD-8536-C1316C558DC9}.Release|Any CPU.ActiveCfg = Release|Any CPU
		{B09909A9-3588-47AD-8536-C1316C558DC9}.Release|Any CPU.Build.0 = Release|Any CPU
		{B09909A9-3588-47AD-8536-C1316C558DC9}.Release|x64.ActiveCfg = Release|Any CPU
		{B09909A9-3588-47AD-8536-C1316C558DC9}.Release|x64.Build.0 = Release|Any CPU
		{B09909A9-3588-47AD-8536-C1316C558DC9}.Release|x86.ActiveCfg = Release|Any CPU
		{B09909A9-3588-47AD-8536-C1316C558DC9}.Release|x86.Build.0 = Release|Any CPU
		{8B333A58-F8A9-4346-98F0-7D69B329351F}.Debug|Any CPU.ActiveCfg = Debug|Any CPU
		{8B333A58-F8A9-4346-98F0-7D69B329351F}.Debug|Any CPU.Build.0 = Debug|Any CPU
		{8B333A58-F8A9-4346-98F0-7D69B329351F}.Debug|x64.ActiveCfg = Debug|Any CPU
		{8B333A58-F8A9-4346-98F0-7D69B329351F}.Debug|x64.Build.0 = Debug|Any CPU
		{8B333A58-F8A9-4346-98F0-7D69B329351F}.Debug|x86.ActiveCfg = Debug|Any CPU
		{8B333A58-F8A9-4346-98F0-7D69B329351F}.Debug|x86.Build.0 = Debug|Any CPU
		{8B333A58-F8A9-4346-98F0-7D69B329351F}.Release|Any CPU.ActiveCfg = Release|Any CPU
		{8B333A58-F8A9-4346-98F0-7D69B329351F}.Release|Any CPU.Build.0 = Release|Any CPU
		{8B333A58-F8A9-4346-98F0-7D69B329351F}.Release|x64.ActiveCfg = Release|Any CPU
		{8B333A58-F8A9-4346-98F0-7D69B329351F}.Release|x64.Build.0 = Release|Any CPU
		{8B333A58-F8A9-4346-98F0-7D69B329351F}.Release|x86.ActiveCfg = Release|Any CPU
		{8B333A58-F8A9-4346-98F0-7D69B329351F}.Release|x86.Build.0 = Release|Any CPU
		{EFFF7728-0F96-4331-9A33-32702322EC22}.Debug|Any CPU.ActiveCfg = Debug|Any CPU
		{EFFF7728-0F96-4331-9A33-32702322EC22}.Debug|Any CPU.Build.0 = Debug|Any CPU
		{EFFF7728-0F96-4331-9A33-32702322EC22}.Debug|x64.ActiveCfg = Debug|Any CPU
		{EFFF7728-0F96-4331-9A33-32702322EC22}.Debug|x64.Build.0 = Debug|Any CPU
		{EFFF7728-0F96-4331-9A33-32702322EC22}.Debug|x86.ActiveCfg = Debug|Any CPU
		{EFFF7728-0F96-4331-9A33-32702322EC22}.Debug|x86.Build.0 = Debug|Any CPU
		{EFFF7728-0F96-4331-9A33-32702322EC22}.Release|Any CPU.ActiveCfg = Release|Any CPU
		{EFFF7728-0F96-4331-9A33-32702322EC22}.Release|Any CPU.Build.0 = Release|Any CPU
		{EFFF7728-0F96-4331-9A33-32702322EC22}.Release|x64.ActiveCfg = Release|Any CPU
		{EFFF7728-0F96-4331-9A33-32702322EC22}.Release|x64.Build.0 = Release|Any CPU
		{EFFF7728-0F96-4331-9A33-32702322EC22}.Release|x86.ActiveCfg = Release|Any CPU
		{EFFF7728-0F96-4331-9A33-32702322EC22}.Release|x86.Build.0 = Release|Any CPU
		{42EEA3E8-30E7-4F5D-AB49-8E4B93F41952}.Debug|Any CPU.ActiveCfg = Debug|Any CPU
		{42EEA3E8-30E7-4F5D-AB49-8E4B93F41952}.Debug|Any CPU.Build.0 = Debug|Any CPU
		{42EEA3E8-30E7-4F5D-AB49-8E4B93F41952}.Debug|x64.ActiveCfg = Debug|Any CPU
		{42EEA3E8-30E7-4F5D-AB49-8E4B93F41952}.Debug|x64.Build.0 = Debug|Any CPU
		{42EEA3E8-30E7-4F5D-AB49-8E4B93F41952}.Debug|x86.ActiveCfg = Debug|Any CPU
		{42EEA3E8-30E7-4F5D-AB49-8E4B93F41952}.Debug|x86.Build.0 = Debug|Any CPU
		{42EEA3E8-30E7-4F5D-AB49-8E4B93F41952}.Release|Any CPU.ActiveCfg = Release|Any CPU
		{42EEA3E8-30E7-4F5D-AB49-8E4B93F41952}.Release|Any CPU.Build.0 = Release|Any CPU
		{42EEA3E8-30E7-4F5D-AB49-8E4B93F41952}.Release|x64.ActiveCfg = Release|Any CPU
		{42EEA3E8-30E7-4F5D-AB49-8E4B93F41952}.Release|x64.Build.0 = Release|Any CPU
		{42EEA3E8-30E7-4F5D-AB49-8E4B93F41952}.Release|x86.ActiveCfg = Release|Any CPU
		{42EEA3E8-30E7-4F5D-AB49-8E4B93F41952}.Release|x86.Build.0 = Release|Any CPU
		{976AA523-5ED4-44A5-A92D-F56831A3122E}.Debug|Any CPU.ActiveCfg = Debug|Any CPU
		{976AA523-5ED4-44A5-A92D-F56831A3122E}.Debug|Any CPU.Build.0 = Debug|Any CPU
		{976AA523-5ED4-44A5-A92D-F56831A3122E}.Debug|x64.ActiveCfg = Debug|Any CPU
		{976AA523-5ED4-44A5-A92D-F56831A3122E}.Debug|x64.Build.0 = Debug|Any CPU
		{976AA523-5ED4-44A5-A92D-F56831A3122E}.Debug|x86.ActiveCfg = Debug|Any CPU
		{976AA523-5ED4-44A5-A92D-F56831A3122E}.Debug|x86.Build.0 = Debug|Any CPU
		{976AA523-5ED4-44A5-A92D-F56831A3122E}.Release|Any CPU.ActiveCfg = Release|Any CPU
		{976AA523-5ED4-44A5-A92D-F56831A3122E}.Release|Any CPU.Build.0 = Release|Any CPU
		{976AA523-5ED4-44A5-A92D-F56831A3122E}.Release|x64.ActiveCfg = Release|Any CPU
		{976AA523-5ED4-44A5-A92D-F56831A3122E}.Release|x64.Build.0 = Release|Any CPU
		{976AA523-5ED4-44A5-A92D-F56831A3122E}.Release|x86.ActiveCfg = Release|Any CPU
		{976AA523-5ED4-44A5-A92D-F56831A3122E}.Release|x86.Build.0 = Release|Any CPU
		{DE1389D9-9331-4900-9C0A-3D0682012EF1}.Debug|Any CPU.ActiveCfg = Debug|Any CPU
		{DE1389D9-9331-4900-9C0A-3D0682012EF1}.Debug|Any CPU.Build.0 = Debug|Any CPU
		{DE1389D9-9331-4900-9C0A-3D0682012EF1}.Debug|x64.ActiveCfg = Debug|Any CPU
		{DE1389D9-9331-4900-9C0A-3D0682012EF1}.Debug|x64.Build.0 = Debug|Any CPU
		{DE1389D9-9331-4900-9C0A-3D0682012EF1}.Debug|x86.ActiveCfg = Debug|Any CPU
		{DE1389D9-9331-4900-9C0A-3D0682012EF1}.Debug|x86.Build.0 = Debug|Any CPU
		{DE1389D9-9331-4900-9C0A-3D0682012EF1}.Release|Any CPU.ActiveCfg = Release|Any CPU
		{DE1389D9-9331-4900-9C0A-3D0682012EF1}.Release|Any CPU.Build.0 = Release|Any CPU
		{DE1389D9-9331-4900-9C0A-3D0682012EF1}.Release|x64.ActiveCfg = Release|Any CPU
		{DE1389D9-9331-4900-9C0A-3D0682012EF1}.Release|x64.Build.0 = Release|Any CPU
		{DE1389D9-9331-4900-9C0A-3D0682012EF1}.Release|x86.ActiveCfg = Release|Any CPU
		{DE1389D9-9331-4900-9C0A-3D0682012EF1}.Release|x86.Build.0 = Release|Any CPU
		{23517B1D-2FD6-41E3-8E1A-D57E9D1EC82F}.Debug|Any CPU.ActiveCfg = Debug|Any CPU
		{23517B1D-2FD6-41E3-8E1A-D57E9D1EC82F}.Debug|Any CPU.Build.0 = Debug|Any CPU
		{23517B1D-2FD6-41E3-8E1A-D57E9D1EC82F}.Debug|x64.ActiveCfg = Debug|Any CPU
		{23517B1D-2FD6-41E3-8E1A-D57E9D1EC82F}.Debug|x64.Build.0 = Debug|Any CPU
		{23517B1D-2FD6-41E3-8E1A-D57E9D1EC82F}.Debug|x86.ActiveCfg = Debug|Any CPU
		{23517B1D-2FD6-41E3-8E1A-D57E9D1EC82F}.Debug|x86.Build.0 = Debug|Any CPU
		{23517B1D-2FD6-41E3-8E1A-D57E9D1EC82F}.Release|Any CPU.ActiveCfg = Release|Any CPU
		{23517B1D-2FD6-41E3-8E1A-D57E9D1EC82F}.Release|Any CPU.Build.0 = Release|Any CPU
		{23517B1D-2FD6-41E3-8E1A-D57E9D1EC82F}.Release|x64.ActiveCfg = Release|Any CPU
		{23517B1D-2FD6-41E3-8E1A-D57E9D1EC82F}.Release|x64.Build.0 = Release|Any CPU
		{23517B1D-2FD6-41E3-8E1A-D57E9D1EC82F}.Release|x86.ActiveCfg = Release|Any CPU
		{23517B1D-2FD6-41E3-8E1A-D57E9D1EC82F}.Release|x86.Build.0 = Release|Any CPU
		{7267EE2D-3BEF-4F1F-BAE2-A3A80AD2FFC7}.Debug|Any CPU.ActiveCfg = Debug|Any CPU
		{7267EE2D-3BEF-4F1F-BAE2-A3A80AD2FFC7}.Debug|Any CPU.Build.0 = Debug|Any CPU
		{7267EE2D-3BEF-4F1F-BAE2-A3A80AD2FFC7}.Debug|x64.ActiveCfg = Debug|Any CPU
		{7267EE2D-3BEF-4F1F-BAE2-A3A80AD2FFC7}.Debug|x64.Build.0 = Debug|Any CPU
		{7267EE2D-3BEF-4F1F-BAE2-A3A80AD2FFC7}.Debug|x86.ActiveCfg = Debug|Any CPU
		{7267EE2D-3BEF-4F1F-BAE2-A3A80AD2FFC7}.Debug|x86.Build.0 = Debug|Any CPU
		{7267EE2D-3BEF-4F1F-BAE2-A3A80AD2FFC7}.Release|Any CPU.ActiveCfg = Release|Any CPU
		{7267EE2D-3BEF-4F1F-BAE2-A3A80AD2FFC7}.Release|Any CPU.Build.0 = Release|Any CPU
		{7267EE2D-3BEF-4F1F-BAE2-A3A80AD2FFC7}.Release|x64.ActiveCfg = Release|Any CPU
		{7267EE2D-3BEF-4F1F-BAE2-A3A80AD2FFC7}.Release|x64.Build.0 = Release|Any CPU
		{7267EE2D-3BEF-4F1F-BAE2-A3A80AD2FFC7}.Release|x86.ActiveCfg = Release|Any CPU
		{7267EE2D-3BEF-4F1F-BAE2-A3A80AD2FFC7}.Release|x86.Build.0 = Release|Any CPU
		{522A2080-DC51-4809-A5CC-F04E5A72C9BD}.Debug|Any CPU.ActiveCfg = Debug|Any CPU
		{522A2080-DC51-4809-A5CC-F04E5A72C9BD}.Debug|Any CPU.Build.0 = Debug|Any CPU
		{522A2080-DC51-4809-A5CC-F04E5A72C9BD}.Debug|x64.ActiveCfg = Debug|Any CPU
		{522A2080-DC51-4809-A5CC-F04E5A72C9BD}.Debug|x64.Build.0 = Debug|Any CPU
		{522A2080-DC51-4809-A5CC-F04E5A72C9BD}.Debug|x86.ActiveCfg = Debug|Any CPU
		{522A2080-DC51-4809-A5CC-F04E5A72C9BD}.Debug|x86.Build.0 = Debug|Any CPU
		{522A2080-DC51-4809-A5CC-F04E5A72C9BD}.Release|Any CPU.ActiveCfg = Release|Any CPU
		{522A2080-DC51-4809-A5CC-F04E5A72C9BD}.Release|Any CPU.Build.0 = Release|Any CPU
		{522A2080-DC51-4809-A5CC-F04E5A72C9BD}.Release|x64.ActiveCfg = Release|Any CPU
		{522A2080-DC51-4809-A5CC-F04E5A72C9BD}.Release|x64.Build.0 = Release|Any CPU
		{522A2080-DC51-4809-A5CC-F04E5A72C9BD}.Release|x86.ActiveCfg = Release|Any CPU
		{522A2080-DC51-4809-A5CC-F04E5A72C9BD}.Release|x86.Build.0 = Release|Any CPU
		{1B4FE672-BAB6-49B2-8108-4B53D6D7D189}.Debug|Any CPU.ActiveCfg = Debug|Any CPU
		{1B4FE672-BAB6-49B2-8108-4B53D6D7D189}.Debug|Any CPU.Build.0 = Debug|Any CPU
		{1B4FE672-BAB6-49B2-8108-4B53D6D7D189}.Debug|x64.ActiveCfg = Debug|Any CPU
		{1B4FE672-BAB6-49B2-8108-4B53D6D7D189}.Debug|x64.Build.0 = Debug|Any CPU
		{1B4FE672-BAB6-49B2-8108-4B53D6D7D189}.Debug|x86.ActiveCfg = Debug|Any CPU
		{1B4FE672-BAB6-49B2-8108-4B53D6D7D189}.Debug|x86.Build.0 = Debug|Any CPU
		{1B4FE672-BAB6-49B2-8108-4B53D6D7D189}.Release|Any CPU.ActiveCfg = Release|Any CPU
		{1B4FE672-BAB6-49B2-8108-4B53D6D7D189}.Release|Any CPU.Build.0 = Release|Any CPU
		{1B4FE672-BAB6-49B2-8108-4B53D6D7D189}.Release|x64.ActiveCfg = Release|Any CPU
		{1B4FE672-BAB6-49B2-8108-4B53D6D7D189}.Release|x64.Build.0 = Release|Any CPU
		{1B4FE672-BAB6-49B2-8108-4B53D6D7D189}.Release|x86.ActiveCfg = Release|Any CPU
		{1B4FE672-BAB6-49B2-8108-4B53D6D7D189}.Release|x86.Build.0 = Release|Any CPU
		{FE6F7E01-2180-474C-8E5B-5D73B7D32E17}.Debug|Any CPU.ActiveCfg = Debug|Any CPU
		{FE6F7E01-2180-474C-8E5B-5D73B7D32E17}.Debug|Any CPU.Build.0 = Debug|Any CPU
		{FE6F7E01-2180-474C-8E5B-5D73B7D32E17}.Debug|x64.ActiveCfg = Debug|Any CPU
		{FE6F7E01-2180-474C-8E5B-5D73B7D32E17}.Debug|x64.Build.0 = Debug|Any CPU
		{FE6F7E01-2180-474C-8E5B-5D73B7D32E17}.Debug|x86.ActiveCfg = Debug|Any CPU
		{FE6F7E01-2180-474C-8E5B-5D73B7D32E17}.Debug|x86.Build.0 = Debug|Any CPU
		{FE6F7E01-2180-474C-8E5B-5D73B7D32E17}.Release|Any CPU.ActiveCfg = Release|Any CPU
		{FE6F7E01-2180-474C-8E5B-5D73B7D32E17}.Release|Any CPU.Build.0 = Release|Any CPU
		{FE6F7E01-2180-474C-8E5B-5D73B7D32E17}.Release|x64.ActiveCfg = Release|Any CPU
		{FE6F7E01-2180-474C-8E5B-5D73B7D32E17}.Release|x64.Build.0 = Release|Any CPU
		{FE6F7E01-2180-474C-8E5B-5D73B7D32E17}.Release|x86.ActiveCfg = Release|Any CPU
		{FE6F7E01-2180-474C-8E5B-5D73B7D32E17}.Release|x86.Build.0 = Release|Any CPU
		{02CDDDA5-C349-4C87-AC01-68BB3B7422D5}.Debug|Any CPU.ActiveCfg = Debug|Any CPU
		{02CDDDA5-C349-4C87-AC01-68BB3B7422D5}.Debug|Any CPU.Build.0 = Debug|Any CPU
		{02CDDDA5-C349-4C87-AC01-68BB3B7422D5}.Debug|x64.ActiveCfg = Debug|Any CPU
		{02CDDDA5-C349-4C87-AC01-68BB3B7422D5}.Debug|x64.Build.0 = Debug|Any CPU
		{02CDDDA5-C349-4C87-AC01-68BB3B7422D5}.Debug|x86.ActiveCfg = Debug|Any CPU
		{02CDDDA5-C349-4C87-AC01-68BB3B7422D5}.Debug|x86.Build.0 = Debug|Any CPU
		{02CDDDA5-C349-4C87-AC01-68BB3B7422D5}.Release|Any CPU.ActiveCfg = Release|Any CPU
		{02CDDDA5-C349-4C87-AC01-68BB3B7422D5}.Release|Any CPU.Build.0 = Release|Any CPU
		{02CDDDA5-C349-4C87-AC01-68BB3B7422D5}.Release|x64.ActiveCfg = Release|Any CPU
		{02CDDDA5-C349-4C87-AC01-68BB3B7422D5}.Release|x64.Build.0 = Release|Any CPU
		{02CDDDA5-C349-4C87-AC01-68BB3B7422D5}.Release|x86.ActiveCfg = Release|Any CPU
		{02CDDDA5-C349-4C87-AC01-68BB3B7422D5}.Release|x86.Build.0 = Release|Any CPU
		{65A80B8B-0247-44AC-8ECA-4214E6A53487}.Debug|Any CPU.ActiveCfg = Debug|Any CPU
		{65A80B8B-0247-44AC-8ECA-4214E6A53487}.Debug|Any CPU.Build.0 = Debug|Any CPU
		{65A80B8B-0247-44AC-8ECA-4214E6A53487}.Debug|x64.ActiveCfg = Debug|Any CPU
		{65A80B8B-0247-44AC-8ECA-4214E6A53487}.Debug|x64.Build.0 = Debug|Any CPU
		{65A80B8B-0247-44AC-8ECA-4214E6A53487}.Debug|x86.ActiveCfg = Debug|Any CPU
		{65A80B8B-0247-44AC-8ECA-4214E6A53487}.Debug|x86.Build.0 = Debug|Any CPU
		{65A80B8B-0247-44AC-8ECA-4214E6A53487}.Release|Any CPU.ActiveCfg = Release|Any CPU
		{65A80B8B-0247-44AC-8ECA-4214E6A53487}.Release|Any CPU.Build.0 = Release|Any CPU
		{65A80B8B-0247-44AC-8ECA-4214E6A53487}.Release|x64.ActiveCfg = Release|Any CPU
		{65A80B8B-0247-44AC-8ECA-4214E6A53487}.Release|x64.Build.0 = Release|Any CPU
		{65A80B8B-0247-44AC-8ECA-4214E6A53487}.Release|x86.ActiveCfg = Release|Any CPU
		{65A80B8B-0247-44AC-8ECA-4214E6A53487}.Release|x86.Build.0 = Release|Any CPU
		{1E146D5E-DADF-48F9-8AC6-EADE4AB29725}.Debug|Any CPU.ActiveCfg = Debug|Any CPU
		{1E146D5E-DADF-48F9-8AC6-EADE4AB29725}.Debug|Any CPU.Build.0 = Debug|Any CPU
		{1E146D5E-DADF-48F9-8AC6-EADE4AB29725}.Debug|x64.ActiveCfg = Debug|Any CPU
		{1E146D5E-DADF-48F9-8AC6-EADE4AB29725}.Debug|x64.Build.0 = Debug|Any CPU
		{1E146D5E-DADF-48F9-8AC6-EADE4AB29725}.Debug|x86.ActiveCfg = Debug|Any CPU
		{1E146D5E-DADF-48F9-8AC6-EADE4AB29725}.Debug|x86.Build.0 = Debug|Any CPU
		{1E146D5E-DADF-48F9-8AC6-EADE4AB29725}.Release|Any CPU.ActiveCfg = Release|Any CPU
		{1E146D5E-DADF-48F9-8AC6-EADE4AB29725}.Release|Any CPU.Build.0 = Release|Any CPU
		{1E146D5E-DADF-48F9-8AC6-EADE4AB29725}.Release|x64.ActiveCfg = Release|Any CPU
		{1E146D5E-DADF-48F9-8AC6-EADE4AB29725}.Release|x64.Build.0 = Release|Any CPU
		{1E146D5E-DADF-48F9-8AC6-EADE4AB29725}.Release|x86.ActiveCfg = Release|Any CPU
		{1E146D5E-DADF-48F9-8AC6-EADE4AB29725}.Release|x86.Build.0 = Release|Any CPU
		{BADCBB08-F4ED-4D9D-8379-C6A3C1CE444D}.Debug|Any CPU.ActiveCfg = Debug|Any CPU
		{BADCBB08-F4ED-4D9D-8379-C6A3C1CE444D}.Debug|Any CPU.Build.0 = Debug|Any CPU
		{BADCBB08-F4ED-4D9D-8379-C6A3C1CE444D}.Debug|x64.ActiveCfg = Debug|Any CPU
		{BADCBB08-F4ED-4D9D-8379-C6A3C1CE444D}.Debug|x64.Build.0 = Debug|Any CPU
		{BADCBB08-F4ED-4D9D-8379-C6A3C1CE444D}.Debug|x86.ActiveCfg = Debug|Any CPU
		{BADCBB08-F4ED-4D9D-8379-C6A3C1CE444D}.Debug|x86.Build.0 = Debug|Any CPU
		{BADCBB08-F4ED-4D9D-8379-C6A3C1CE444D}.Release|Any CPU.ActiveCfg = Release|Any CPU
		{BADCBB08-F4ED-4D9D-8379-C6A3C1CE444D}.Release|Any CPU.Build.0 = Release|Any CPU
		{BADCBB08-F4ED-4D9D-8379-C6A3C1CE444D}.Release|x64.ActiveCfg = Release|Any CPU
		{BADCBB08-F4ED-4D9D-8379-C6A3C1CE444D}.Release|x64.Build.0 = Release|Any CPU
		{BADCBB08-F4ED-4D9D-8379-C6A3C1CE444D}.Release|x86.ActiveCfg = Release|Any CPU
		{BADCBB08-F4ED-4D9D-8379-C6A3C1CE444D}.Release|x86.Build.0 = Release|Any CPU
		{485595F3-B011-438A-850B-B11ABC58C4AC}.Debug|Any CPU.ActiveCfg = Debug|Any CPU
		{485595F3-B011-438A-850B-B11ABC58C4AC}.Debug|Any CPU.Build.0 = Debug|Any CPU
		{485595F3-B011-438A-850B-B11ABC58C4AC}.Debug|x64.ActiveCfg = Debug|Any CPU
		{485595F3-B011-438A-850B-B11ABC58C4AC}.Debug|x64.Build.0 = Debug|Any CPU
		{485595F3-B011-438A-850B-B11ABC58C4AC}.Debug|x86.ActiveCfg = Debug|Any CPU
		{485595F3-B011-438A-850B-B11ABC58C4AC}.Debug|x86.Build.0 = Debug|Any CPU
		{485595F3-B011-438A-850B-B11ABC58C4AC}.Release|Any CPU.ActiveCfg = Release|Any CPU
		{485595F3-B011-438A-850B-B11ABC58C4AC}.Release|Any CPU.Build.0 = Release|Any CPU
		{485595F3-B011-438A-850B-B11ABC58C4AC}.Release|x64.ActiveCfg = Release|Any CPU
		{485595F3-B011-438A-850B-B11ABC58C4AC}.Release|x64.Build.0 = Release|Any CPU
		{485595F3-B011-438A-850B-B11ABC58C4AC}.Release|x86.ActiveCfg = Release|Any CPU
		{485595F3-B011-438A-850B-B11ABC58C4AC}.Release|x86.Build.0 = Release|Any CPU
		{5AF4A511-4309-415B-A18C-BF9CDFF607E7}.Debug|Any CPU.ActiveCfg = Debug|Any CPU
		{5AF4A511-4309-415B-A18C-BF9CDFF607E7}.Debug|Any CPU.Build.0 = Debug|Any CPU
		{5AF4A511-4309-415B-A18C-BF9CDFF607E7}.Debug|x64.ActiveCfg = Debug|Any CPU
		{5AF4A511-4309-415B-A18C-BF9CDFF607E7}.Debug|x64.Build.0 = Debug|Any CPU
		{5AF4A511-4309-415B-A18C-BF9CDFF607E7}.Debug|x86.ActiveCfg = Debug|Any CPU
		{5AF4A511-4309-415B-A18C-BF9CDFF607E7}.Debug|x86.Build.0 = Debug|Any CPU
		{5AF4A511-4309-415B-A18C-BF9CDFF607E7}.Release|Any CPU.ActiveCfg = Release|Any CPU
		{5AF4A511-4309-415B-A18C-BF9CDFF607E7}.Release|Any CPU.Build.0 = Release|Any CPU
		{5AF4A511-4309-415B-A18C-BF9CDFF607E7}.Release|x64.ActiveCfg = Release|Any CPU
		{5AF4A511-4309-415B-A18C-BF9CDFF607E7}.Release|x64.Build.0 = Release|Any CPU
		{5AF4A511-4309-415B-A18C-BF9CDFF607E7}.Release|x86.ActiveCfg = Release|Any CPU
		{5AF4A511-4309-415B-A18C-BF9CDFF607E7}.Release|x86.Build.0 = Release|Any CPU
		{4E20089B-48AE-4DF8-B799-5C62C2107A65}.Debug|Any CPU.ActiveCfg = Debug|Any CPU
		{4E20089B-48AE-4DF8-B799-5C62C2107A65}.Debug|Any CPU.Build.0 = Debug|Any CPU
		{4E20089B-48AE-4DF8-B799-5C62C2107A65}.Debug|x64.ActiveCfg = Debug|Any CPU
		{4E20089B-48AE-4DF8-B799-5C62C2107A65}.Debug|x64.Build.0 = Debug|Any CPU
		{4E20089B-48AE-4DF8-B799-5C62C2107A65}.Debug|x86.ActiveCfg = Debug|Any CPU
		{4E20089B-48AE-4DF8-B799-5C62C2107A65}.Debug|x86.Build.0 = Debug|Any CPU
		{4E20089B-48AE-4DF8-B799-5C62C2107A65}.Release|Any CPU.ActiveCfg = Release|Any CPU
		{4E20089B-48AE-4DF8-B799-5C62C2107A65}.Release|Any CPU.Build.0 = Release|Any CPU
		{4E20089B-48AE-4DF8-B799-5C62C2107A65}.Release|x64.ActiveCfg = Release|Any CPU
		{4E20089B-48AE-4DF8-B799-5C62C2107A65}.Release|x64.Build.0 = Release|Any CPU
		{4E20089B-48AE-4DF8-B799-5C62C2107A65}.Release|x86.ActiveCfg = Release|Any CPU
		{4E20089B-48AE-4DF8-B799-5C62C2107A65}.Release|x86.Build.0 = Release|Any CPU
		{059B51D1-1023-412E-AD3F-557D496C2C26}.Debug|Any CPU.ActiveCfg = Debug|Any CPU
		{059B51D1-1023-412E-AD3F-557D496C2C26}.Debug|Any CPU.Build.0 = Debug|Any CPU
		{059B51D1-1023-412E-AD3F-557D496C2C26}.Debug|x64.ActiveCfg = Debug|Any CPU
		{059B51D1-1023-412E-AD3F-557D496C2C26}.Debug|x64.Build.0 = Debug|Any CPU
		{059B51D1-1023-412E-AD3F-557D496C2C26}.Debug|x86.ActiveCfg = Debug|Any CPU
		{059B51D1-1023-412E-AD3F-557D496C2C26}.Debug|x86.Build.0 = Debug|Any CPU
		{059B51D1-1023-412E-AD3F-557D496C2C26}.Release|Any CPU.ActiveCfg = Release|Any CPU
		{059B51D1-1023-412E-AD3F-557D496C2C26}.Release|Any CPU.Build.0 = Release|Any CPU
		{059B51D1-1023-412E-AD3F-557D496C2C26}.Release|x64.ActiveCfg = Release|Any CPU
		{059B51D1-1023-412E-AD3F-557D496C2C26}.Release|x64.Build.0 = Release|Any CPU
		{059B51D1-1023-412E-AD3F-557D496C2C26}.Release|x86.ActiveCfg = Release|Any CPU
		{059B51D1-1023-412E-AD3F-557D496C2C26}.Release|x86.Build.0 = Release|Any CPU
		{D245FF39-B691-4E18-BB68-D0990FCAA7EF}.Debug|Any CPU.ActiveCfg = Debug|Any CPU
		{D245FF39-B691-4E18-BB68-D0990FCAA7EF}.Debug|Any CPU.Build.0 = Debug|Any CPU
		{D245FF39-B691-4E18-BB68-D0990FCAA7EF}.Debug|x64.ActiveCfg = Debug|Any CPU
		{D245FF39-B691-4E18-BB68-D0990FCAA7EF}.Debug|x64.Build.0 = Debug|Any CPU
		{D245FF39-B691-4E18-BB68-D0990FCAA7EF}.Debug|x86.ActiveCfg = Debug|Any CPU
		{D245FF39-B691-4E18-BB68-D0990FCAA7EF}.Debug|x86.Build.0 = Debug|Any CPU
		{D245FF39-B691-4E18-BB68-D0990FCAA7EF}.Release|Any CPU.ActiveCfg = Release|Any CPU
		{D245FF39-B691-4E18-BB68-D0990FCAA7EF}.Release|Any CPU.Build.0 = Release|Any CPU
		{D245FF39-B691-4E18-BB68-D0990FCAA7EF}.Release|x64.ActiveCfg = Release|Any CPU
		{D245FF39-B691-4E18-BB68-D0990FCAA7EF}.Release|x64.Build.0 = Release|Any CPU
		{D245FF39-B691-4E18-BB68-D0990FCAA7EF}.Release|x86.ActiveCfg = Release|Any CPU
		{D245FF39-B691-4E18-BB68-D0990FCAA7EF}.Release|x86.Build.0 = Release|Any CPU
		{75F22772-C21B-4BDA-A4EC-64C063CEF82C}.Debug|Any CPU.ActiveCfg = Debug|Any CPU
		{75F22772-C21B-4BDA-A4EC-64C063CEF82C}.Debug|Any CPU.Build.0 = Debug|Any CPU
		{75F22772-C21B-4BDA-A4EC-64C063CEF82C}.Debug|x64.ActiveCfg = Debug|Any CPU
		{75F22772-C21B-4BDA-A4EC-64C063CEF82C}.Debug|x64.Build.0 = Debug|Any CPU
		{75F22772-C21B-4BDA-A4EC-64C063CEF82C}.Debug|x86.ActiveCfg = Debug|Any CPU
		{75F22772-C21B-4BDA-A4EC-64C063CEF82C}.Debug|x86.Build.0 = Debug|Any CPU
		{75F22772-C21B-4BDA-A4EC-64C063CEF82C}.Release|Any CPU.ActiveCfg = Release|Any CPU
		{75F22772-C21B-4BDA-A4EC-64C063CEF82C}.Release|Any CPU.Build.0 = Release|Any CPU
		{75F22772-C21B-4BDA-A4EC-64C063CEF82C}.Release|x64.ActiveCfg = Release|Any CPU
		{75F22772-C21B-4BDA-A4EC-64C063CEF82C}.Release|x64.Build.0 = Release|Any CPU
		{75F22772-C21B-4BDA-A4EC-64C063CEF82C}.Release|x86.ActiveCfg = Release|Any CPU
		{75F22772-C21B-4BDA-A4EC-64C063CEF82C}.Release|x86.Build.0 = Release|Any CPU
		{5BCB035A-79B3-419F-BBFF-095DCA21BB49}.Debug|Any CPU.ActiveCfg = Debug|Any CPU
		{5BCB035A-79B3-419F-BBFF-095DCA21BB49}.Debug|Any CPU.Build.0 = Debug|Any CPU
		{5BCB035A-79B3-419F-BBFF-095DCA21BB49}.Debug|x64.ActiveCfg = Debug|Any CPU
		{5BCB035A-79B3-419F-BBFF-095DCA21BB49}.Debug|x64.Build.0 = Debug|Any CPU
		{5BCB035A-79B3-419F-BBFF-095DCA21BB49}.Debug|x86.ActiveCfg = Debug|Any CPU
		{5BCB035A-79B3-419F-BBFF-095DCA21BB49}.Debug|x86.Build.0 = Debug|Any CPU
		{5BCB035A-79B3-419F-BBFF-095DCA21BB49}.Release|Any CPU.ActiveCfg = Release|Any CPU
		{5BCB035A-79B3-419F-BBFF-095DCA21BB49}.Release|Any CPU.Build.0 = Release|Any CPU
		{5BCB035A-79B3-419F-BBFF-095DCA21BB49}.Release|x64.ActiveCfg = Release|Any CPU
		{5BCB035A-79B3-419F-BBFF-095DCA21BB49}.Release|x64.Build.0 = Release|Any CPU
		{5BCB035A-79B3-419F-BBFF-095DCA21BB49}.Release|x86.ActiveCfg = Release|Any CPU
		{5BCB035A-79B3-419F-BBFF-095DCA21BB49}.Release|x86.Build.0 = Release|Any CPU
		{24323059-901B-4AC5-A3A0-51D2B92E977A}.Debug|Any CPU.ActiveCfg = Debug|Any CPU
		{24323059-901B-4AC5-A3A0-51D2B92E977A}.Debug|Any CPU.Build.0 = Debug|Any CPU
		{24323059-901B-4AC5-A3A0-51D2B92E977A}.Debug|x64.ActiveCfg = Debug|Any CPU
		{24323059-901B-4AC5-A3A0-51D2B92E977A}.Debug|x64.Build.0 = Debug|Any CPU
		{24323059-901B-4AC5-A3A0-51D2B92E977A}.Debug|x86.ActiveCfg = Debug|Any CPU
		{24323059-901B-4AC5-A3A0-51D2B92E977A}.Debug|x86.Build.0 = Debug|Any CPU
		{24323059-901B-4AC5-A3A0-51D2B92E977A}.Release|Any CPU.ActiveCfg = Release|Any CPU
		{24323059-901B-4AC5-A3A0-51D2B92E977A}.Release|Any CPU.Build.0 = Release|Any CPU
		{24323059-901B-4AC5-A3A0-51D2B92E977A}.Release|x64.ActiveCfg = Release|Any CPU
		{24323059-901B-4AC5-A3A0-51D2B92E977A}.Release|x64.Build.0 = Release|Any CPU
		{24323059-901B-4AC5-A3A0-51D2B92E977A}.Release|x86.ActiveCfg = Release|Any CPU
		{24323059-901B-4AC5-A3A0-51D2B92E977A}.Release|x86.Build.0 = Release|Any CPU
		{9FE2199D-84E3-4822-AB60-03248D7C8DBE}.Debug|Any CPU.ActiveCfg = Debug|Any CPU
		{9FE2199D-84E3-4822-AB60-03248D7C8DBE}.Debug|Any CPU.Build.0 = Debug|Any CPU
		{9FE2199D-84E3-4822-AB60-03248D7C8DBE}.Debug|x64.ActiveCfg = Debug|Any CPU
		{9FE2199D-84E3-4822-AB60-03248D7C8DBE}.Debug|x64.Build.0 = Debug|Any CPU
		{9FE2199D-84E3-4822-AB60-03248D7C8DBE}.Debug|x86.ActiveCfg = Debug|Any CPU
		{9FE2199D-84E3-4822-AB60-03248D7C8DBE}.Debug|x86.Build.0 = Debug|Any CPU
		{9FE2199D-84E3-4822-AB60-03248D7C8DBE}.Release|Any CPU.ActiveCfg = Release|Any CPU
		{9FE2199D-84E3-4822-AB60-03248D7C8DBE}.Release|Any CPU.Build.0 = Release|Any CPU
		{9FE2199D-84E3-4822-AB60-03248D7C8DBE}.Release|x64.ActiveCfg = Release|Any CPU
		{9FE2199D-84E3-4822-AB60-03248D7C8DBE}.Release|x64.Build.0 = Release|Any CPU
		{9FE2199D-84E3-4822-AB60-03248D7C8DBE}.Release|x86.ActiveCfg = Release|Any CPU
		{9FE2199D-84E3-4822-AB60-03248D7C8DBE}.Release|x86.Build.0 = Release|Any CPU
		{12A09A88-FEED-4B46-91E8-9A839D2B9388}.Debug|Any CPU.ActiveCfg = Debug|Any CPU
		{12A09A88-FEED-4B46-91E8-9A839D2B9388}.Debug|Any CPU.Build.0 = Debug|Any CPU
		{12A09A88-FEED-4B46-91E8-9A839D2B9388}.Debug|x64.ActiveCfg = Debug|Any CPU
		{12A09A88-FEED-4B46-91E8-9A839D2B9388}.Debug|x64.Build.0 = Debug|Any CPU
		{12A09A88-FEED-4B46-91E8-9A839D2B9388}.Debug|x86.ActiveCfg = Debug|Any CPU
		{12A09A88-FEED-4B46-91E8-9A839D2B9388}.Debug|x86.Build.0 = Debug|Any CPU
		{12A09A88-FEED-4B46-91E8-9A839D2B9388}.Release|Any CPU.ActiveCfg = Release|Any CPU
		{12A09A88-FEED-4B46-91E8-9A839D2B9388}.Release|Any CPU.Build.0 = Release|Any CPU
		{12A09A88-FEED-4B46-91E8-9A839D2B9388}.Release|x64.ActiveCfg = Release|Any CPU
		{12A09A88-FEED-4B46-91E8-9A839D2B9388}.Release|x64.Build.0 = Release|Any CPU
		{12A09A88-FEED-4B46-91E8-9A839D2B9388}.Release|x86.ActiveCfg = Release|Any CPU
		{12A09A88-FEED-4B46-91E8-9A839D2B9388}.Release|x86.Build.0 = Release|Any CPU
		{83490366-5E6D-470A-8884-4572C72E4373}.Debug|Any CPU.ActiveCfg = Debug|Any CPU
		{83490366-5E6D-470A-8884-4572C72E4373}.Debug|Any CPU.Build.0 = Debug|Any CPU
		{83490366-5E6D-470A-8884-4572C72E4373}.Debug|x64.ActiveCfg = Debug|Any CPU
		{83490366-5E6D-470A-8884-4572C72E4373}.Debug|x64.Build.0 = Debug|Any CPU
		{83490366-5E6D-470A-8884-4572C72E4373}.Debug|x86.ActiveCfg = Debug|Any CPU
		{83490366-5E6D-470A-8884-4572C72E4373}.Debug|x86.Build.0 = Debug|Any CPU
		{83490366-5E6D-470A-8884-4572C72E4373}.Release|Any CPU.ActiveCfg = Release|Any CPU
		{83490366-5E6D-470A-8884-4572C72E4373}.Release|Any CPU.Build.0 = Release|Any CPU
		{83490366-5E6D-470A-8884-4572C72E4373}.Release|x64.ActiveCfg = Release|Any CPU
		{83490366-5E6D-470A-8884-4572C72E4373}.Release|x64.Build.0 = Release|Any CPU
		{83490366-5E6D-470A-8884-4572C72E4373}.Release|x86.ActiveCfg = Release|Any CPU
		{83490366-5E6D-470A-8884-4572C72E4373}.Release|x86.Build.0 = Release|Any CPU
		{875849FE-1130-4814-99D4-608F86D8FFAC}.Debug|Any CPU.ActiveCfg = Debug|Any CPU
		{875849FE-1130-4814-99D4-608F86D8FFAC}.Debug|Any CPU.Build.0 = Debug|Any CPU
		{875849FE-1130-4814-99D4-608F86D8FFAC}.Debug|x64.ActiveCfg = Debug|Any CPU
		{875849FE-1130-4814-99D4-608F86D8FFAC}.Debug|x64.Build.0 = Debug|Any CPU
		{875849FE-1130-4814-99D4-608F86D8FFAC}.Debug|x86.ActiveCfg = Debug|Any CPU
		{875849FE-1130-4814-99D4-608F86D8FFAC}.Debug|x86.Build.0 = Debug|Any CPU
		{875849FE-1130-4814-99D4-608F86D8FFAC}.Release|Any CPU.ActiveCfg = Release|Any CPU
		{875849FE-1130-4814-99D4-608F86D8FFAC}.Release|Any CPU.Build.0 = Release|Any CPU
		{875849FE-1130-4814-99D4-608F86D8FFAC}.Release|x64.ActiveCfg = Release|Any CPU
		{875849FE-1130-4814-99D4-608F86D8FFAC}.Release|x64.Build.0 = Release|Any CPU
		{875849FE-1130-4814-99D4-608F86D8FFAC}.Release|x86.ActiveCfg = Release|Any CPU
		{875849FE-1130-4814-99D4-608F86D8FFAC}.Release|x86.Build.0 = Release|Any CPU
		{B7555CE9-A8C0-4E0B-8548-3038EB1989D8}.Debug|Any CPU.ActiveCfg = Debug|Any CPU
		{B7555CE9-A8C0-4E0B-8548-3038EB1989D8}.Debug|Any CPU.Build.0 = Debug|Any CPU
		{B7555CE9-A8C0-4E0B-8548-3038EB1989D8}.Debug|x64.ActiveCfg = Debug|Any CPU
		{B7555CE9-A8C0-4E0B-8548-3038EB1989D8}.Debug|x64.Build.0 = Debug|Any CPU
		{B7555CE9-A8C0-4E0B-8548-3038EB1989D8}.Debug|x86.ActiveCfg = Debug|Any CPU
		{B7555CE9-A8C0-4E0B-8548-3038EB1989D8}.Debug|x86.Build.0 = Debug|Any CPU
		{B7555CE9-A8C0-4E0B-8548-3038EB1989D8}.Release|Any CPU.ActiveCfg = Release|Any CPU
		{B7555CE9-A8C0-4E0B-8548-3038EB1989D8}.Release|Any CPU.Build.0 = Release|Any CPU
		{B7555CE9-A8C0-4E0B-8548-3038EB1989D8}.Release|x64.ActiveCfg = Release|Any CPU
		{B7555CE9-A8C0-4E0B-8548-3038EB1989D8}.Release|x64.Build.0 = Release|Any CPU
		{B7555CE9-A8C0-4E0B-8548-3038EB1989D8}.Release|x86.ActiveCfg = Release|Any CPU
		{B7555CE9-A8C0-4E0B-8548-3038EB1989D8}.Release|x86.Build.0 = Release|Any CPU
		{8061A179-14FB-4547-AF80-4A4E0542E702}.Debug|Any CPU.ActiveCfg = Debug|Any CPU
		{8061A179-14FB-4547-AF80-4A4E0542E702}.Debug|Any CPU.Build.0 = Debug|Any CPU
		{8061A179-14FB-4547-AF80-4A4E0542E702}.Debug|x64.ActiveCfg = Debug|Any CPU
		{8061A179-14FB-4547-AF80-4A4E0542E702}.Debug|x64.Build.0 = Debug|Any CPU
		{8061A179-14FB-4547-AF80-4A4E0542E702}.Debug|x86.ActiveCfg = Debug|Any CPU
		{8061A179-14FB-4547-AF80-4A4E0542E702}.Debug|x86.Build.0 = Debug|Any CPU
		{8061A179-14FB-4547-AF80-4A4E0542E702}.Release|Any CPU.ActiveCfg = Release|Any CPU
		{8061A179-14FB-4547-AF80-4A4E0542E702}.Release|Any CPU.Build.0 = Release|Any CPU
		{8061A179-14FB-4547-AF80-4A4E0542E702}.Release|x64.ActiveCfg = Release|Any CPU
		{8061A179-14FB-4547-AF80-4A4E0542E702}.Release|x64.Build.0 = Release|Any CPU
		{8061A179-14FB-4547-AF80-4A4E0542E702}.Release|x86.ActiveCfg = Release|Any CPU
		{8061A179-14FB-4547-AF80-4A4E0542E702}.Release|x86.Build.0 = Release|Any CPU
	EndGlobalSection
	GlobalSection(SolutionProperties) = preSolution
		HideSolutionNode = FALSE
	EndGlobalSection
	GlobalSection(NestedProjects) = preSolution
		{90298CBA-BD6F-3A0A-69D5-97CAD7B05E7E} = {827E0CD3-B72D-47B6-A68D-7590B98EB39B}
		{6F703214-12D3-491C-A2AE-AFAFF6D7EFC1} = {90298CBA-BD6F-3A0A-69D5-97CAD7B05E7E}
		{F31C93F9-EC41-4E33-93BD-278C1E83C69D} = {90298CBA-BD6F-3A0A-69D5-97CAD7B05E7E}
		{CD8C5B5A-C316-4287-90B8-409070509516} = {90298CBA-BD6F-3A0A-69D5-97CAD7B05E7E}
		{06D441D8-4671-42CE-833C-64223230CA36} = {90298CBA-BD6F-3A0A-69D5-97CAD7B05E7E}
		{6306A8FB-679E-111F-6585-8F70E0EE6013} = {827E0CD3-B72D-47B6-A68D-7590B98EB39B}
		{B09909A9-3588-47AD-8536-C1316C558DC9} = {6306A8FB-679E-111F-6585-8F70E0EE6013}
		{984BB9B3-3FA3-BE33-9484-CAC21695A33C} = {827E0CD3-B72D-47B6-A68D-7590B98EB39B}
		{C91C1CF1-1625-0789-F869-53D87D6277BA} = {984BB9B3-3FA3-BE33-9484-CAC21695A33C}
		{8B333A58-F8A9-4346-98F0-7D69B329351F} = {C91C1CF1-1625-0789-F869-53D87D6277BA}
		{EFFF7728-0F96-4331-9A33-32702322EC22} = {C91C1CF1-1625-0789-F869-53D87D6277BA}
		{42EEA3E8-30E7-4F5D-AB49-8E4B93F41952} = {C91C1CF1-1625-0789-F869-53D87D6277BA}
		{976AA523-5ED4-44A5-A92D-F56831A3122E} = {C91C1CF1-1625-0789-F869-53D87D6277BA}
		{5DFC7B05-39EA-FFDB-19EB-B675C4700EC4} = {984BB9B3-3FA3-BE33-9484-CAC21695A33C}
		{DE1389D9-9331-4900-9C0A-3D0682012EF1} = {5DFC7B05-39EA-FFDB-19EB-B675C4700EC4}
		{23517B1D-2FD6-41E3-8E1A-D57E9D1EC82F} = {5DFC7B05-39EA-FFDB-19EB-B675C4700EC4}
		{7267EE2D-3BEF-4F1F-BAE2-A3A80AD2FFC7} = {5DFC7B05-39EA-FFDB-19EB-B675C4700EC4}
		{522A2080-DC51-4809-A5CC-F04E5A72C9BD} = {5DFC7B05-39EA-FFDB-19EB-B675C4700EC4}
		{1BFC9479-12BF-35C3-06B8-42D89D95092B} = {984BB9B3-3FA3-BE33-9484-CAC21695A33C}
		{1B4FE672-BAB6-49B2-8108-4B53D6D7D189} = {1BFC9479-12BF-35C3-06B8-42D89D95092B}
		{FE6F7E01-2180-474C-8E5B-5D73B7D32E17} = {1BFC9479-12BF-35C3-06B8-42D89D95092B}
		{02CDDDA5-C349-4C87-AC01-68BB3B7422D5} = {1BFC9479-12BF-35C3-06B8-42D89D95092B}
		{65A80B8B-0247-44AC-8ECA-4214E6A53487} = {1BFC9479-12BF-35C3-06B8-42D89D95092B}
		{40431FFE-093F-1096-CE99-020C5FCBF96B} = {984BB9B3-3FA3-BE33-9484-CAC21695A33C}
		{1E146D5E-DADF-48F9-8AC6-EADE4AB29725} = {40431FFE-093F-1096-CE99-020C5FCBF96B}
		{BADCBB08-F4ED-4D9D-8379-C6A3C1CE444D} = {40431FFE-093F-1096-CE99-020C5FCBF96B}
		{485595F3-B011-438A-850B-B11ABC58C4AC} = {40431FFE-093F-1096-CE99-020C5FCBF96B}
		{5AF4A511-4309-415B-A18C-BF9CDFF607E7} = {40431FFE-093F-1096-CE99-020C5FCBF96B}
		{971CEA43-920F-36DD-A00E-2E303C06D992} = {984BB9B3-3FA3-BE33-9484-CAC21695A33C}
		{4E20089B-48AE-4DF8-B799-5C62C2107A65} = {971CEA43-920F-36DD-A00E-2E303C06D992}
		{059B51D1-1023-412E-AD3F-557D496C2C26} = {971CEA43-920F-36DD-A00E-2E303C06D992}
		{D245FF39-B691-4E18-BB68-D0990FCAA7EF} = {971CEA43-920F-36DD-A00E-2E303C06D992}
		{75F22772-C21B-4BDA-A4EC-64C063CEF82C} = {971CEA43-920F-36DD-A00E-2E303C06D992}
		{C5FBE174-8E0F-F5A3-B929-8BD0C55C0A32} = {984BB9B3-3FA3-BE33-9484-CAC21695A33C}
		{5BCB035A-79B3-419F-BBFF-095DCA21BB49} = {C5FBE174-8E0F-F5A3-B929-8BD0C55C0A32}
		{24323059-901B-4AC5-A3A0-51D2B92E977A} = {C5FBE174-8E0F-F5A3-B929-8BD0C55C0A32}
		{9FE2199D-84E3-4822-AB60-03248D7C8DBE} = {C5FBE174-8E0F-F5A3-B929-8BD0C55C0A32}
		{12A09A88-FEED-4B46-91E8-9A839D2B9388} = {C5FBE174-8E0F-F5A3-B929-8BD0C55C0A32}
		{8AD23086-AE11-148E-B2B6-9F0F94287E0D} = {0AB3BF05-4346-4AA6-1389-037BE0695223}
		{83490366-5E6D-470A-8884-4572C72E4373} = {8AD23086-AE11-148E-B2B6-9F0F94287E0D}
		{30785934-E017-5D9F-2777-3D61460A5281} = {0AB3BF05-4346-4AA6-1389-037BE0695223}
		{875849FE-1130-4814-99D4-608F86D8FFAC} = {30785934-E017-5D9F-2777-3D61460A5281}
		{394A81D9-3C45-9818-BB26-23F2B85056FF} = {0AB3BF05-4346-4AA6-1389-037BE0695223}
		{B7555CE9-A8C0-4E0B-8548-3038EB1989D8} = {394A81D9-3C45-9818-BB26-23F2B85056FF}
		{8061A179-14FB-4547-AF80-4A4E0542E702} = {394A81D9-3C45-9818-BB26-23F2B85056FF}
	EndGlobalSection
EndGlobal
